lockVersion: 2.0.0
id: af13e337-2cba-4c3c-954a-d46785d9ea7a
management:
  docChecksum: 044ba6ea348a6fb8206cacad6926373d
  docVersion: "1.7"
  speakeasyVersion: internal
  generationVersion: 2.225.2
  releaseVersion: 0.44.0
  configChecksum: 6d821ec78ff1399b93e19fb9448dfe15
  repoURL: https://github.com/writerai/writer-client-sdk-java.git
  repoSubDirectory: .
  published: true
features:
  java:
    core: 3.2.0
    globalSecurity: 2.81.2
    globalServerURLs: 2.82.1
    globals: 2.81.1
    nameOverrides: 2.81.1
generatedFiles:
  - lib/src/main/java/com/writer/sdk/SDKConfiguration.java
  - lib/src/main/java/com/writer/sdk/Billing.java
  - lib/src/main/java/com/writer/sdk/AIContentDetector.java
  - lib/src/main/java/com/writer/sdk/Content.java
  - lib/src/main/java/com/writer/sdk/CoWrite.java
  - lib/src/main/java/com/writer/sdk/Files.java
  - lib/src/main/java/com/writer/sdk/Models.java
  - lib/src/main/java/com/writer/sdk/Completions.java
  - lib/src/main/java/com/writer/sdk/ModelCustomization.java
  - lib/src/main/java/com/writer/sdk/DownloadTheCustomizedModel.java
  - lib/src/main/java/com/writer/sdk/Document.java
  - lib/src/main/java/com/writer/sdk/Snippet.java
  - lib/src/main/java/com/writer/sdk/Styleguide.java
  - lib/src/main/java/com/writer/sdk/Terminology.java
  - lib/src/main/java/com/writer/sdk/User.java
  - lib/src/main/java/com/writer/sdk/Writer.java
  - .gitattributes
  - gradle/wrapper/gradle-wrapper.jar
  - gradle/wrapper/gradle-wrapper.properties
  - gradlew
  - gradlew.bat
  - lib/build.gradle
  - lib/src/main/java/com/writer/sdk/utils/DateTimeDeserializer.java
  - lib/src/main/java/com/writer/sdk/utils/DateTimeSerializer.java
  - lib/src/main/java/com/writer/sdk/utils/FormMetadata.java
  - lib/src/main/java/com/writer/sdk/utils/HTTPClient.java
  - lib/src/main/java/com/writer/sdk/utils/HTTPRequest.java
  - lib/src/main/java/com/writer/sdk/utils/HeaderMetadata.java
  - lib/src/main/java/com/writer/sdk/utils/JSON.java
  - lib/src/main/java/com/writer/sdk/utils/Metadata.java
  - lib/src/main/java/com/writer/sdk/utils/MultipartFormMetadata.java
  - lib/src/main/java/com/writer/sdk/utils/PathParamsMetadata.java
  - lib/src/main/java/com/writer/sdk/utils/QueryParameters.java
  - lib/src/main/java/com/writer/sdk/utils/QueryParamsMetadata.java
  - lib/src/main/java/com/writer/sdk/utils/RequestBody.java
  - lib/src/main/java/com/writer/sdk/utils/RequestMetadata.java
  - lib/src/main/java/com/writer/sdk/utils/Security.java
  - lib/src/main/java/com/writer/sdk/utils/SecurityMetadata.java
  - lib/src/main/java/com/writer/sdk/utils/SerializedBody.java
  - lib/src/main/java/com/writer/sdk/utils/SpeakeasyHTTPClient.java
  - lib/src/main/java/com/writer/sdk/utils/SpeakeasyHTTPSecurityClient.java
  - lib/src/main/java/com/writer/sdk/utils/SpeakeasyMetadata.java
  - lib/src/main/java/com/writer/sdk/utils/Types.java
  - lib/src/main/java/com/writer/sdk/utils/Utils.java
  - settings.gradle
  - lib/src/main/java/com/writer/sdk/models/operations/GetSubscriptionDetailsResponse.java
  - lib/src/main/java/com/writer/sdk/models/operations/DetectContentRequest.java
  - lib/src/main/java/com/writer/sdk/models/operations/DetectContentResponse.java
  - lib/src/main/java/com/writer/sdk/models/operations/ContentCheckRequest.java
  - lib/src/main/java/com/writer/sdk/models/operations/ContentCheckResponse.java
  - lib/src/main/java/com/writer/sdk/models/operations/ContentCorrectRequest.java
  - lib/src/main/java/com/writer/sdk/models/operations/ContentCorrectResponse.java
  - lib/src/main/java/com/writer/sdk/models/operations/GenerateContentRequest.java
  - lib/src/main/java/com/writer/sdk/models/operations/GenerateContentResponse.java
  - lib/src/main/java/com/writer/sdk/models/operations/ListTemplatesRequest.java
  - lib/src/main/java/com/writer/sdk/models/operations/ListTemplatesResponse.java
  - lib/src/main/java/com/writer/sdk/models/operations/DeleteFileRequest.java
  - lib/src/main/java/com/writer/sdk/models/operations/DeleteFileResponseBody.java
  - lib/src/main/java/com/writer/sdk/models/operations/DeleteFileResponse.java
  - lib/src/main/java/com/writer/sdk/models/operations/GetFileRequest.java
  - lib/src/main/java/com/writer/sdk/models/operations/GetFileResponse.java
  - lib/src/main/java/com/writer/sdk/models/operations/ListFilesRequest.java
  - lib/src/main/java/com/writer/sdk/models/operations/ListFilesResponse.java
  - lib/src/main/java/com/writer/sdk/models/operations/UploadFileRequest.java
  - lib/src/main/java/com/writer/sdk/models/operations/UploadFileResponse.java
  - lib/src/main/java/com/writer/sdk/models/operations/ListModelsRequest.java
  - lib/src/main/java/com/writer/sdk/models/operations/ListModelsResponse.java
  - lib/src/main/java/com/writer/sdk/models/operations/CreateCompletionRequest.java
  - lib/src/main/java/com/writer/sdk/models/operations/CreateCompletionResponse.java
  - lib/src/main/java/com/writer/sdk/models/operations/CreateModelCustomizationCompletionRequest.java
  - lib/src/main/java/com/writer/sdk/models/operations/CreateModelCustomizationCompletionResponse.java
  - lib/src/main/java/com/writer/sdk/models/operations/CreateModelCustomizationRequest.java
  - lib/src/main/java/com/writer/sdk/models/operations/CreateModelCustomizationResponse.java
  - lib/src/main/java/com/writer/sdk/models/operations/DeleteModelCustomizationRequest.java
  - lib/src/main/java/com/writer/sdk/models/operations/DeleteModelCustomizationResponseBody.java
  - lib/src/main/java/com/writer/sdk/models/operations/DeleteModelCustomizationResponse.java
  - lib/src/main/java/com/writer/sdk/models/operations/GetModelCustomizationRequest.java
  - lib/src/main/java/com/writer/sdk/models/operations/GetModelCustomizationResponse.java
  - lib/src/main/java/com/writer/sdk/models/operations/ListModelCustomizationsRequest.java
  - lib/src/main/java/com/writer/sdk/models/operations/ListModelCustomizationsResponse.java
  - lib/src/main/java/com/writer/sdk/models/operations/FetchCustomizedModelFileRequest.java
  - lib/src/main/java/com/writer/sdk/models/operations/FetchCustomizedModelFileResponse.java
  - lib/src/main/java/com/writer/sdk/models/operations/GetDocumentDetailsRequest.java
  - lib/src/main/java/com/writer/sdk/models/operations/GetDocumentDetailsResponse.java
  - lib/src/main/java/com/writer/sdk/models/operations/ListTeamDocumentsQueryParamSortField.java
  - lib/src/main/java/com/writer/sdk/models/operations/ListTeamDocumentsQueryParamSortOrder.java
  - lib/src/main/java/com/writer/sdk/models/operations/ListTeamDocumentsRequest.java
  - lib/src/main/java/com/writer/sdk/models/operations/ListTeamDocumentsResponse.java
  - lib/src/main/java/com/writer/sdk/models/operations/DeleteSnippetsRequest.java
  - lib/src/main/java/com/writer/sdk/models/operations/DeleteSnippetsResponse.java
  - lib/src/main/java/com/writer/sdk/models/operations/SortField.java
  - lib/src/main/java/com/writer/sdk/models/operations/SortOrder.java
  - lib/src/main/java/com/writer/sdk/models/operations/FindSnippetsRequest.java
  - lib/src/main/java/com/writer/sdk/models/operations/FindSnippetsResponse.java
  - lib/src/main/java/com/writer/sdk/models/operations/UpdateSnippetsRequest.java
  - lib/src/main/java/com/writer/sdk/models/operations/UpdateSnippetsResponse.java
  - lib/src/main/java/com/writer/sdk/models/operations/PageDetailsRequest.java
  - lib/src/main/java/com/writer/sdk/models/operations/PageDetailsResponse.java
  - lib/src/main/java/com/writer/sdk/models/operations/Status.java
  - lib/src/main/java/com/writer/sdk/models/operations/ListPagesRequest.java
  - lib/src/main/java/com/writer/sdk/models/operations/ListPagesResponse.java
  - lib/src/main/java/com/writer/sdk/models/operations/AddTermsRequest.java
  - lib/src/main/java/com/writer/sdk/models/operations/AddTermsResponse.java
  - lib/src/main/java/com/writer/sdk/models/operations/DeleteTermsRequest.java
  - lib/src/main/java/com/writer/sdk/models/operations/DeleteTermsResponse.java
  - lib/src/main/java/com/writer/sdk/models/operations/PartOfSpeech.java
  - lib/src/main/java/com/writer/sdk/models/operations/QueryParamSortField.java
  - lib/src/main/java/com/writer/sdk/models/operations/QueryParamSortOrder.java
  - lib/src/main/java/com/writer/sdk/models/operations/Type.java
  - lib/src/main/java/com/writer/sdk/models/operations/FindTermsRequest.java
  - lib/src/main/java/com/writer/sdk/models/operations/FindTermsResponse.java
  - lib/src/main/java/com/writer/sdk/models/operations/UpdateTermsRequest.java
  - lib/src/main/java/com/writer/sdk/models/operations/UpdateTermsResponse.java
  - lib/src/main/java/com/writer/sdk/models/operations/ListUsersQueryParamSortField.java
  - lib/src/main/java/com/writer/sdk/models/operations/ListUsersQueryParamSortOrder.java
  - lib/src/main/java/com/writer/sdk/models/operations/ListUsersRequest.java
  - lib/src/main/java/com/writer/sdk/models/operations/ListUsersResponse.java
  - lib/src/main/java/com/writer/sdk/models/shared/ProductName.java
  - lib/src/main/java/com/writer/sdk/models/shared/SubscriptionPublicResponseApiStatus.java
  - lib/src/main/java/com/writer/sdk/models/shared/SubscriptionPublicResponseApi.java
  - lib/src/main/java/com/writer/sdk/models/shared/Usage.java
  - lib/src/main/java/com/writer/sdk/models/shared/UsageItem.java
  - lib/src/main/java/com/writer/sdk/models/shared/Tier.java
  - lib/src/main/java/com/writer/sdk/models/shared/MetaData.java
  - lib/src/main/java/com/writer/sdk/models/shared/FailResponse.java
  - lib/src/main/java/com/writer/sdk/models/shared/FailMessage.java
  - lib/src/main/java/com/writer/sdk/models/shared/Label.java
  - lib/src/main/java/com/writer/sdk/models/shared/ContentDetectorResponse.java
  - lib/src/main/java/com/writer/sdk/models/shared/ContentDetectorRequest.java
  - lib/src/main/java/com/writer/sdk/models/shared/ProcessedContent.java
  - lib/src/main/java/com/writer/sdk/models/shared/Service.java
  - lib/src/main/java/com/writer/sdk/models/shared/ContentIssue.java
  - lib/src/main/java/com/writer/sdk/models/shared/ContentRequest.java
  - lib/src/main/java/com/writer/sdk/models/shared/ContentSettings.java
  - lib/src/main/java/com/writer/sdk/models/shared/CorrectionResponse.java
  - lib/src/main/java/com/writer/sdk/models/shared/Draft.java
  - lib/src/main/java/com/writer/sdk/models/shared/GenerateTemplateRequest.java
  - lib/src/main/java/com/writer/sdk/models/shared/MagicRequestInput.java
  - lib/src/main/java/com/writer/sdk/models/shared/TemplateDetailsResponse.java
  - lib/src/main/java/com/writer/sdk/models/shared/InputType.java
  - lib/src/main/java/com/writer/sdk/models/shared/Input.java
  - lib/src/main/java/com/writer/sdk/models/shared/ModelFile.java
  - lib/src/main/java/com/writer/sdk/models/shared/ModelFilesResponse.java
  - lib/src/main/java/com/writer/sdk/models/shared/File.java
  - lib/src/main/java/com/writer/sdk/models/shared/UploadModelFileRequest.java
  - lib/src/main/java/com/writer/sdk/models/shared/GenerationModelsResponse.java
  - lib/src/main/java/com/writer/sdk/models/shared/GenerationModelInfoResponseType.java
  - lib/src/main/java/com/writer/sdk/models/shared/GenerationModelInfoResponse.java
  - lib/src/main/java/com/writer/sdk/models/shared/CompletionResponse.java
  - lib/src/main/java/com/writer/sdk/models/shared/CompletionGenerationChoice.java
  - lib/src/main/java/com/writer/sdk/models/shared/CompletionGenerationChoiceLogprobs.java
  - lib/src/main/java/com/writer/sdk/models/shared/CompletionRequest.java
  - lib/src/main/java/com/writer/sdk/models/shared/ModelCustomization.java
  - lib/src/main/java/com/writer/sdk/models/shared/HyperParameters.java
  - lib/src/main/java/com/writer/sdk/models/shared/CreateCustomizationRequest.java
  - lib/src/main/java/com/writer/sdk/models/shared/CustomizationsResponse.java
  - lib/src/main/java/com/writer/sdk/models/shared/DocumentAccess.java
  - lib/src/main/java/com/writer/sdk/models/shared/Document.java
  - lib/src/main/java/com/writer/sdk/models/shared/SimpleUser.java
  - lib/src/main/java/com/writer/sdk/models/shared/BriefDocuments.java
  - lib/src/main/java/com/writer/sdk/models/shared/Access.java
  - lib/src/main/java/com/writer/sdk/models/shared/BriefDocument.java
  - lib/src/main/java/com/writer/sdk/models/shared/Pagination.java
  - lib/src/main/java/com/writer/sdk/models/shared/DeleteResponse.java
  - lib/src/main/java/com/writer/sdk/models/shared/PaginatedResultSnippetWithUser.java
  - lib/src/main/java/com/writer/sdk/models/shared/SnippetWithUser.java
  - lib/src/main/java/com/writer/sdk/models/shared/SnippetTagV2.java
  - lib/src/main/java/com/writer/sdk/models/shared/TerminologyUser.java
  - lib/src/main/java/com/writer/sdk/models/shared/SnippetUpdate.java
  - lib/src/main/java/com/writer/sdk/models/shared/PageWithSectionResponseStatus.java
  - lib/src/main/java/com/writer/sdk/models/shared/PageWithSectionResponse.java
  - lib/src/main/java/com/writer/sdk/models/shared/SectionInfo.java
  - lib/src/main/java/com/writer/sdk/models/shared/PaginatedResultPagePublicApiResponse.java
  - lib/src/main/java/com/writer/sdk/models/shared/Status.java
  - lib/src/main/java/com/writer/sdk/models/shared/PagePublicApiResponse.java
  - lib/src/main/java/com/writer/sdk/models/shared/CreateTermsResponse.java
  - lib/src/main/java/com/writer/sdk/models/shared/FullTermWithUserPos.java
  - lib/src/main/java/com/writer/sdk/models/shared/Type.java
  - lib/src/main/java/com/writer/sdk/models/shared/FullTermWithUser.java
  - lib/src/main/java/com/writer/sdk/models/shared/TermTagResponse.java
  - lib/src/main/java/com/writer/sdk/models/shared/TermMistakePos.java
  - lib/src/main/java/com/writer/sdk/models/shared/TermMistake.java
  - lib/src/main/java/com/writer/sdk/models/shared/Pos.java
  - lib/src/main/java/com/writer/sdk/models/shared/FullLinkedTerm.java
  - lib/src/main/java/com/writer/sdk/models/shared/ApprovedTermExtension.java
  - lib/src/main/java/com/writer/sdk/models/shared/TermExampleType.java
  - lib/src/main/java/com/writer/sdk/models/shared/TermExample.java
  - lib/src/main/java/com/writer/sdk/models/shared/FailHandling.java
  - lib/src/main/java/com/writer/sdk/models/shared/CreateTermsRequest.java
  - lib/src/main/java/com/writer/sdk/models/shared/TermCreatePos.java
  - lib/src/main/java/com/writer/sdk/models/shared/TermCreateType.java
  - lib/src/main/java/com/writer/sdk/models/shared/TermCreate.java
  - lib/src/main/java/com/writer/sdk/models/shared/TermTagCreate.java
  - lib/src/main/java/com/writer/sdk/models/shared/TermMistakeCreatePos.java
  - lib/src/main/java/com/writer/sdk/models/shared/TermMistakeCreate.java
  - lib/src/main/java/com/writer/sdk/models/shared/LinkedTermCreate.java
  - lib/src/main/java/com/writer/sdk/models/shared/TermExampleCreateType.java
  - lib/src/main/java/com/writer/sdk/models/shared/TermExampleCreate.java
  - lib/src/main/java/com/writer/sdk/models/shared/ApprovedTermExtensionCreate.java
  - lib/src/main/java/com/writer/sdk/models/shared/PaginatedResultFullTermWithUser.java
  - lib/src/main/java/com/writer/sdk/models/shared/UpdateTermsRequestFailHandling.java
  - lib/src/main/java/com/writer/sdk/models/shared/UpdateTermsRequest.java
  - lib/src/main/java/com/writer/sdk/models/shared/TermUpdatePos.java
  - lib/src/main/java/com/writer/sdk/models/shared/TermUpdateType.java
  - lib/src/main/java/com/writer/sdk/models/shared/TermUpdate.java
  - lib/src/main/java/com/writer/sdk/models/shared/PaginatedResultUserPublicResponse.java
  - lib/src/main/java/com/writer/sdk/models/shared/AccountStatus.java
  - lib/src/main/java/com/writer/sdk/models/shared/UserPublicResponse.java
  - lib/src/main/java/com/writer/sdk/models/shared/Security.java
  - docs/models/operations/GetSubscriptionDetailsResponse.md
  - docs/models/operations/DetectContentRequest.md
  - docs/models/operations/DetectContentResponse.md
  - docs/models/operations/ContentCheckRequest.md
  - docs/models/operations/ContentCheckResponse.md
  - docs/models/operations/ContentCorrectRequest.md
  - docs/models/operations/ContentCorrectResponse.md
  - docs/models/operations/GenerateContentRequest.md
  - docs/models/operations/GenerateContentResponse.md
  - docs/models/operations/ListTemplatesRequest.md
  - docs/models/operations/ListTemplatesResponse.md
  - docs/models/operations/DeleteFileRequest.md
  - docs/models/operations/DeleteFileResponseBody.md
  - docs/models/operations/DeleteFileResponse.md
  - docs/models/operations/GetFileRequest.md
  - docs/models/operations/GetFileResponse.md
  - docs/models/operations/ListFilesRequest.md
  - docs/models/operations/ListFilesResponse.md
  - docs/models/operations/UploadFileRequest.md
  - docs/models/operations/UploadFileResponse.md
  - docs/models/operations/ListModelsRequest.md
  - docs/models/operations/ListModelsResponse.md
  - docs/models/operations/CreateCompletionRequest.md
  - docs/models/operations/CreateCompletionResponse.md
  - docs/models/operations/CreateModelCustomizationCompletionRequest.md
  - docs/models/operations/CreateModelCustomizationCompletionResponse.md
  - docs/models/operations/CreateModelCustomizationRequest.md
  - docs/models/operations/CreateModelCustomizationResponse.md
  - docs/models/operations/DeleteModelCustomizationRequest.md
  - docs/models/operations/DeleteModelCustomizationResponseBody.md
  - docs/models/operations/DeleteModelCustomizationResponse.md
  - docs/models/operations/GetModelCustomizationRequest.md
  - docs/models/operations/GetModelCustomizationResponse.md
  - docs/models/operations/ListModelCustomizationsRequest.md
  - docs/models/operations/ListModelCustomizationsResponse.md
  - docs/models/operations/FetchCustomizedModelFileRequest.md
  - docs/models/operations/FetchCustomizedModelFileResponse.md
  - docs/models/operations/GetDocumentDetailsRequest.md
  - docs/models/operations/GetDocumentDetailsResponse.md
  - docs/models/operations/ListTeamDocumentsQueryParamSortField.md
  - docs/models/operations/ListTeamDocumentsQueryParamSortOrder.md
  - docs/models/operations/ListTeamDocumentsRequest.md
  - docs/models/operations/ListTeamDocumentsResponse.md
  - docs/models/operations/DeleteSnippetsRequest.md
  - docs/models/operations/DeleteSnippetsResponse.md
  - docs/models/operations/SortField.md
  - docs/models/operations/SortOrder.md
  - docs/models/operations/FindSnippetsRequest.md
  - docs/models/operations/FindSnippetsResponse.md
  - docs/models/operations/UpdateSnippetsRequest.md
  - docs/models/operations/UpdateSnippetsResponse.md
  - docs/models/operations/PageDetailsRequest.md
  - docs/models/operations/PageDetailsResponse.md
  - docs/models/operations/Status.md
  - docs/models/operations/ListPagesRequest.md
  - docs/models/operations/ListPagesResponse.md
  - docs/models/operations/AddTermsRequest.md
  - docs/models/operations/AddTermsResponse.md
  - docs/models/operations/DeleteTermsRequest.md
  - docs/models/operations/DeleteTermsResponse.md
  - docs/models/operations/PartOfSpeech.md
  - docs/models/operations/QueryParamSortField.md
  - docs/models/operations/QueryParamSortOrder.md
  - docs/models/operations/Type.md
  - docs/models/operations/FindTermsRequest.md
  - docs/models/operations/FindTermsResponse.md
  - docs/models/operations/UpdateTermsRequest.md
  - docs/models/operations/UpdateTermsResponse.md
  - docs/models/operations/ListUsersQueryParamSortField.md
  - docs/models/operations/ListUsersQueryParamSortOrder.md
  - docs/models/operations/ListUsersRequest.md
  - docs/models/operations/ListUsersResponse.md
  - docs/models/shared/ProductName.md
  - docs/models/shared/SubscriptionPublicResponseApiStatus.md
  - docs/models/shared/SubscriptionPublicResponseApi.md
  - docs/models/shared/Usage.md
  - docs/models/shared/UsageItem.md
  - docs/models/shared/Tier.md
  - docs/models/shared/MetaData.md
  - docs/models/shared/FailResponse.md
  - docs/models/shared/FailMessage.md
  - docs/models/shared/Label.md
  - docs/models/shared/ContentDetectorResponse.md
  - docs/models/shared/ContentDetectorRequest.md
  - docs/models/shared/ProcessedContent.md
  - docs/models/shared/Service.md
  - docs/models/shared/ContentIssue.md
  - docs/models/shared/ContentRequest.md
  - docs/models/shared/ContentSettings.md
  - docs/models/shared/CorrectionResponse.md
  - docs/models/shared/Draft.md
  - docs/models/shared/GenerateTemplateRequest.md
  - docs/models/shared/MagicRequestInput.md
  - docs/models/shared/TemplateDetailsResponse.md
  - docs/models/shared/InputType.md
  - docs/models/shared/Input.md
  - docs/models/shared/ModelFile.md
  - docs/models/shared/ModelFilesResponse.md
  - docs/models/shared/File.md
  - docs/models/shared/UploadModelFileRequest.md
  - docs/models/shared/GenerationModelsResponse.md
  - docs/models/shared/GenerationModelInfoResponseType.md
  - docs/models/shared/GenerationModelInfoResponse.md
  - docs/models/shared/CompletionResponse.md
  - docs/models/shared/CompletionGenerationChoice.md
  - docs/models/shared/CompletionGenerationChoiceLogprobs.md
  - docs/models/shared/CompletionRequest.md
  - docs/models/shared/ModelCustomization.md
  - docs/models/shared/HyperParameters.md
  - docs/models/shared/CreateCustomizationRequest.md
  - docs/models/shared/CustomizationsResponse.md
  - docs/models/shared/DocumentAccess.md
  - docs/models/shared/Document.md
  - docs/models/shared/SimpleUser.md
  - docs/models/shared/BriefDocuments.md
  - docs/models/shared/Access.md
  - docs/models/shared/BriefDocument.md
  - docs/models/shared/Pagination.md
  - docs/models/shared/DeleteResponse.md
  - docs/models/shared/PaginatedResultSnippetWithUser.md
  - docs/models/shared/SnippetWithUser.md
  - docs/models/shared/SnippetTagV2.md
  - docs/models/shared/TerminologyUser.md
  - docs/models/shared/SnippetUpdate.md
  - docs/models/shared/PageWithSectionResponseStatus.md
  - docs/models/shared/PageWithSectionResponse.md
  - docs/models/shared/SectionInfo.md
  - docs/models/shared/PaginatedResultPagePublicApiResponse.md
  - docs/models/shared/Status.md
  - docs/models/shared/PagePublicApiResponse.md
  - docs/models/shared/CreateTermsResponse.md
  - docs/models/shared/FullTermWithUserPos.md
  - docs/models/shared/Type.md
  - docs/models/shared/FullTermWithUser.md
  - docs/models/shared/TermTagResponse.md
  - docs/models/shared/TermMistakePos.md
  - docs/models/shared/TermMistake.md
  - docs/models/shared/Pos.md
  - docs/models/shared/FullLinkedTerm.md
  - docs/models/shared/ApprovedTermExtension.md
  - docs/models/shared/TermExampleType.md
  - docs/models/shared/TermExample.md
  - docs/models/shared/FailHandling.md
  - docs/models/shared/CreateTermsRequest.md
  - docs/models/shared/TermCreatePos.md
  - docs/models/shared/TermCreateType.md
  - docs/models/shared/TermCreate.md
  - docs/models/shared/TermTagCreate.md
  - docs/models/shared/TermMistakeCreatePos.md
  - docs/models/shared/TermMistakeCreate.md
  - docs/models/shared/LinkedTermCreate.md
  - docs/models/shared/TermExampleCreateType.md
  - docs/models/shared/TermExampleCreate.md
  - docs/models/shared/ApprovedTermExtensionCreate.md
  - docs/models/shared/PaginatedResultFullTermWithUser.md
  - docs/models/shared/UpdateTermsRequestFailHandling.md
  - docs/models/shared/UpdateTermsRequest.md
  - docs/models/shared/TermUpdatePos.md
  - docs/models/shared/TermUpdateType.md
  - docs/models/shared/TermUpdate.md
  - docs/models/shared/PaginatedResultUserPublicResponse.md
  - docs/models/shared/AccountStatus.md
  - docs/models/shared/UserPublicResponse.md
  - docs/models/shared/Security.md
  - docs/sdks/writer/README.md
  - docs/sdks/billing/README.md
  - docs/sdks/aicontentdetector/README.md
  - docs/sdks/content/README.md
  - docs/sdks/cowrite/README.md
  - docs/sdks/files/README.md
  - docs/sdks/models/README.md
  - docs/sdks/completions/README.md
  - docs/sdks/modelcustomization/README.md
  - docs/sdks/downloadthecustomizedmodel/README.md
  - docs/sdks/document/README.md
  - docs/sdks/snippet/README.md
  - docs/sdks/styleguide/README.md
  - docs/sdks/terminology/README.md
  - docs/sdks/user/README.md
  - USAGE.md
